// !$*UTF8*$!
{
	archiveVersion = 1;
	classes = {
	};
	objectVersion = 51;
	objects = {

/* Begin PBXBuildFile section */
		2753418C14FF090C146AA7DA /* Pods_TV_Shows.framework in Frameworks */ = {isa = PBXBuildFile; fileRef = 71B892B08D83706879453998 /* Pods_TV_Shows.framework */; };
		4209422226B1493200E91B63 /* ShowDetailsViewController.swift in Sources */ = {isa = PBXBuildFile; fileRef = 4209422126B1493200E91B63 /* ShowDetailsViewController.swift */; };
		42094798269C48C1004D0338 /* Login.storyboard in Resources */ = {isa = PBXBuildFile; fileRef = 42094797269C48C1004D0338 /* Login.storyboard */; };
		4209479A269C48E2004D0338 /* LoginViewController.swift in Sources */ = {isa = PBXBuildFile; fileRef = 42094799269C48E2004D0338 /* LoginViewController.swift */; };
		422B69B926A9C4D50066AE4B /* User.swift in Sources */ = {isa = PBXBuildFile; fileRef = 422B69B826A9C4D50066AE4B /* User.swift */; };
		422CD818269C696200BB860C /* Assets.xcassets in Resources */ = {isa = PBXBuildFile; fileRef = 422CD817269C696200BB860C /* Assets.xcassets */; };
		4247A38126AEDBDC00EBE04B /* SessionManager.swift in Sources */ = {isa = PBXBuildFile; fileRef = 4247A38026AEDBDC00EBE04B /* SessionManager.swift */; };
		4247A38326AEE62F00EBE04B /* ShowService.swift in Sources */ = {isa = PBXBuildFile; fileRef = 4247A38226AEE62F00EBE04B /* ShowService.swift */; };
		4247A38526AEE6FD00EBE04B /* ShowRouter.swift in Sources */ = {isa = PBXBuildFile; fileRef = 4247A38426AEE6FD00EBE04B /* ShowRouter.swift */; };
		4247A38726AEF56600EBE04B /* TVShowTableViewCell.swift in Sources */ = {isa = PBXBuildFile; fileRef = 4247A38626AEF56600EBE04B /* TVShowTableViewCell.swift */; };
		42610F8B26975F450024A42A /* AppDelegate.swift in Sources */ = {isa = PBXBuildFile; fileRef = 42610F8A26975F450024A42A /* AppDelegate.swift */; };
		42610F9726975F460024A42A /* LaunchScreen.storyboard in Resources */ = {isa = PBXBuildFile; fileRef = 42610F9526975F460024A42A /* LaunchScreen.storyboard */; };
		42626D7F26B19AA6009ADDE1 /* Review.swift in Sources */ = {isa = PBXBuildFile; fileRef = 42626D7E26B19AA6009ADDE1 /* Review.swift */; };
		4265EB6026B44CE100AAAC29 /* KeychainManager.swift in Sources */ = {isa = PBXBuildFile; fileRef = 4265EB5F26B44CE100AAAC29 /* KeychainManager.swift */; };
		42756DB926AAE23500B08B03 /* UserService.swift in Sources */ = {isa = PBXBuildFile; fileRef = 42756DB826AAE23500B08B03 /* UserService.swift */; };
		42756DBB26AAE56600B08B03 /* UserRouter.swift in Sources */ = {isa = PBXBuildFile; fileRef = 42756DBA26AAE56600B08B03 /* UserRouter.swift */; };
		42756DBD26AAE9BE00B08B03 /* Constants.swift in Sources */ = {isa = PBXBuildFile; fileRef = 42756DBC26AAE9BE00B08B03 /* Constants.swift */; };
		4284AD7226ADAC5B00B23383 /* Show.swift in Sources */ = {isa = PBXBuildFile; fileRef = 4284AD7126ADAC5B00B23383 /* Show.swift */; };
		42B5120226B16F1F006A8642 /* ShowDetailsTableViewCell.swift in Sources */ = {isa = PBXBuildFile; fileRef = 42B5120126B16F1F006A8642 /* ShowDetailsTableViewCell.swift */; };
		42B5120426B17F25006A8642 /* RatingView.swift in Sources */ = {isa = PBXBuildFile; fileRef = 42B5120326B17F25006A8642 /* RatingView.swift */; };
		42D0866026B6BABE0059E1D8 /* UIViewController+Alert.swift in Sources */ = {isa = PBXBuildFile; fileRef = 42D0865F26B6BABE0059E1D8 /* UIViewController+Alert.swift */; };
		42E9AD6E26B5A06A00BDB187 /* ProfileDetailsViewController.swift in Sources */ = {isa = PBXBuildFile; fileRef = 42E9AD6D26B5A06A00BDB187 /* ProfileDetailsViewController.swift */; };
		42EA68F226A9890F00D6A159 /* HomeViewController.swift in Sources */ = {isa = PBXBuildFile; fileRef = 42EA68F126A9890F00D6A159 /* HomeViewController.swift */; };
		42EA68F426A9893400D6A159 /* Home.storyboard in Resources */ = {isa = PBXBuildFile; fileRef = 42EA68F326A9893400D6A159 /* Home.storyboard */; };
		42EDA47326B1FD28009C92E4 /* WriteReviewViewController.swift in Sources */ = {isa = PBXBuildFile; fileRef = 42EDA47226B1FD28009C92E4 /* WriteReviewViewController.swift */; };
		42F4A14F26B1E51C00D160F4 /* ReviewTableViewCell.swift in Sources */ = {isa = PBXBuildFile; fileRef = 42F4A14E26B1E51C00D160F4 /* ReviewTableViewCell.swift */; };
/* End PBXBuildFile section */

/* Begin PBXFileReference section */
		4209422126B1493200E91B63 /* ShowDetailsViewController.swift */ = {isa = PBXFileReference; lastKnownFileType = sourcecode.swift; path = ShowDetailsViewController.swift; sourceTree = "<group>"; };
		42094797269C48C1004D0338 /* Login.storyboard */ = {isa = PBXFileReference; lastKnownFileType = file.storyboard; path = Login.storyboard; sourceTree = "<group>"; };
		42094799269C48E2004D0338 /* LoginViewController.swift */ = {isa = PBXFileReference; lastKnownFileType = sourcecode.swift; path = LoginViewController.swift; sourceTree = "<group>"; };
		422B69B826A9C4D50066AE4B /* User.swift */ = {isa = PBXFileReference; lastKnownFileType = sourcecode.swift; path = User.swift; sourceTree = "<group>"; };
		422CD817269C696200BB860C /* Assets.xcassets */ = {isa = PBXFileReference; lastKnownFileType = folder.assetcatalog; path = Assets.xcassets; sourceTree = "<group>"; };
		4247A38026AEDBDC00EBE04B /* SessionManager.swift */ = {isa = PBXFileReference; lastKnownFileType = sourcecode.swift; path = SessionManager.swift; sourceTree = "<group>"; };
		4247A38226AEE62F00EBE04B /* ShowService.swift */ = {isa = PBXFileReference; lastKnownFileType = sourcecode.swift; path = ShowService.swift; sourceTree = "<group>"; };
		4247A38426AEE6FD00EBE04B /* ShowRouter.swift */ = {isa = PBXFileReference; lastKnownFileType = sourcecode.swift; path = ShowRouter.swift; sourceTree = "<group>"; };
		4247A38626AEF56600EBE04B /* TVShowTableViewCell.swift */ = {isa = PBXFileReference; lastKnownFileType = sourcecode.swift; path = TVShowTableViewCell.swift; sourceTree = "<group>"; };
		42610F8726975F450024A42A /* TV Shows.app */ = {isa = PBXFileReference; explicitFileType = wrapper.application; includeInIndex = 0; path = "TV Shows.app"; sourceTree = BUILT_PRODUCTS_DIR; };
		42610F8A26975F450024A42A /* AppDelegate.swift */ = {isa = PBXFileReference; lastKnownFileType = sourcecode.swift; path = AppDelegate.swift; sourceTree = "<group>"; };
		42610F9626975F460024A42A /* Base */ = {isa = PBXFileReference; lastKnownFileType = file.storyboard; name = Base; path = Base.lproj/LaunchScreen.storyboard; sourceTree = "<group>"; };
		42610F9826975F460024A42A /* Info.plist */ = {isa = PBXFileReference; lastKnownFileType = text.plist.xml; name = Info.plist; path = "TV Shows/Assets/Info.plist"; sourceTree = SOURCE_ROOT; };
		42626D7E26B19AA6009ADDE1 /* Review.swift */ = {isa = PBXFileReference; lastKnownFileType = sourcecode.swift; path = Review.swift; sourceTree = "<group>"; };
		4265EB5F26B44CE100AAAC29 /* KeychainManager.swift */ = {isa = PBXFileReference; lastKnownFileType = sourcecode.swift; path = KeychainManager.swift; sourceTree = "<group>"; };
		42756DB826AAE23500B08B03 /* UserService.swift */ = {isa = PBXFileReference; lastKnownFileType = sourcecode.swift; path = UserService.swift; sourceTree = "<group>"; };
		42756DBA26AAE56600B08B03 /* UserRouter.swift */ = {isa = PBXFileReference; lastKnownFileType = sourcecode.swift; path = UserRouter.swift; sourceTree = "<group>"; };
		42756DBC26AAE9BE00B08B03 /* Constants.swift */ = {isa = PBXFileReference; lastKnownFileType = sourcecode.swift; path = Constants.swift; sourceTree = "<group>"; };
		4284AD7126ADAC5B00B23383 /* Show.swift */ = {isa = PBXFileReference; lastKnownFileType = sourcecode.swift; path = Show.swift; sourceTree = "<group>"; };
		42B5120126B16F1F006A8642 /* ShowDetailsTableViewCell.swift */ = {isa = PBXFileReference; lastKnownFileType = sourcecode.swift; path = ShowDetailsTableViewCell.swift; sourceTree = "<group>"; };
		42B5120326B17F25006A8642 /* RatingView.swift */ = {isa = PBXFileReference; lastKnownFileType = sourcecode.swift; path = RatingView.swift; sourceTree = "<group>"; };
		42D0865F26B6BABE0059E1D8 /* UIViewController+Alert.swift */ = {isa = PBXFileReference; lastKnownFileType = sourcecode.swift; path = "UIViewController+Alert.swift"; sourceTree = "<group>"; };
		42E9AD6D26B5A06A00BDB187 /* ProfileDetailsViewController.swift */ = {isa = PBXFileReference; lastKnownFileType = sourcecode.swift; path = ProfileDetailsViewController.swift; sourceTree = "<group>"; };
		42EA68F126A9890F00D6A159 /* HomeViewController.swift */ = {isa = PBXFileReference; lastKnownFileType = sourcecode.swift; path = HomeViewController.swift; sourceTree = "<group>"; };
		42EA68F326A9893400D6A159 /* Home.storyboard */ = {isa = PBXFileReference; lastKnownFileType = file.storyboard; path = Home.storyboard; sourceTree = "<group>"; };
		42EDA47226B1FD28009C92E4 /* WriteReviewViewController.swift */ = {isa = PBXFileReference; lastKnownFileType = sourcecode.swift; path = WriteReviewViewController.swift; sourceTree = "<group>"; };
		42F4A14E26B1E51C00D160F4 /* ReviewTableViewCell.swift */ = {isa = PBXFileReference; lastKnownFileType = sourcecode.swift; path = ReviewTableViewCell.swift; sourceTree = "<group>"; };
		5149C8418CDA68615EA1529D /* Pods-TV Shows.release.xcconfig */ = {isa = PBXFileReference; includeInIndex = 1; lastKnownFileType = text.xcconfig; name = "Pods-TV Shows.release.xcconfig"; path = "Target Support Files/Pods-TV Shows/Pods-TV Shows.release.xcconfig"; sourceTree = "<group>"; };
		6AC80C1302B7AA73FD79BDD6 /* Pods-TV Shows.debug.xcconfig */ = {isa = PBXFileReference; includeInIndex = 1; lastKnownFileType = text.xcconfig; name = "Pods-TV Shows.debug.xcconfig"; path = "Target Support Files/Pods-TV Shows/Pods-TV Shows.debug.xcconfig"; sourceTree = "<group>"; };
		71B892B08D83706879453998 /* Pods_TV_Shows.framework */ = {isa = PBXFileReference; explicitFileType = wrapper.framework; includeInIndex = 0; path = Pods_TV_Shows.framework; sourceTree = BUILT_PRODUCTS_DIR; };
/* End PBXFileReference section */

/* Begin PBXFrameworksBuildPhase section */
		42610F8426975F450024A42A /* Frameworks */ = {
			isa = PBXFrameworksBuildPhase;
			buildActionMask = 2147483647;
			files = (
				2753418C14FF090C146AA7DA /* Pods_TV_Shows.framework in Frameworks */,
			);
			runOnlyForDeploymentPostprocessing = 0;
		};
/* End PBXFrameworksBuildPhase section */

/* Begin PBXGroup section */
		4209422326B14BB600E91B63 /* ShowDetails */ = {
			isa = PBXGroup;
			children = (
				42678E6026B40D1F00175E12 /* Models */,
				42752BA926B2B5B200DB7B2E /* Cells */,
				4209422126B1493200E91B63 /* ShowDetailsViewController.swift */,
				42EDA47226B1FD28009C92E4 /* WriteReviewViewController.swift */,
				42E9AD6D26B5A06A00BDB187 /* ProfileDetailsViewController.swift */,
			);
			path = ShowDetails;
			sourceTree = "<group>";
		};
		42094796269C4888004D0338 /* Login */ = {
			isa = PBXGroup;
			children = (
				42678E5F26B40CFA00175E12 /* Models */,
				42094797269C48C1004D0338 /* Login.storyboard */,
				42094799269C48E2004D0338 /* LoginViewController.swift */,
			);
			path = Login;
			sourceTree = "<group>";
		};
		42610F7E26975F450024A42A = {
			isa = PBXGroup;
			children = (
				42610F8926975F450024A42A /* TV Shows */,
				42610F8826975F450024A42A /* Products */,
				66AA3FE369732C1A24246C9E /* Pods */,
				FCA590A6D7E78C2DC61A3C4C /* Frameworks */,
			);
			sourceTree = "<group>";
		};
		42610F8826975F450024A42A /* Products */ = {
			isa = PBXGroup;
			children = (
				42610F8726975F450024A42A /* TV Shows.app */,
			);
			name = Products;
			sourceTree = "<group>";
		};
		42610F8926975F450024A42A /* TV Shows */ = {
			isa = PBXGroup;
			children = (
				42678E6126B40D8500175E12 /* Application */,
				4284AD6826AD6BAA00B23383 /* Modules */,
				4284AD6726AD6B1600B23383 /* Assets */,
				4265EB5E26B44C9A00AAAC29 /* Common */,
			);
			path = "TV Shows";
			sourceTree = "<group>";
		};
		4265EB5E26B44C9A00AAAC29 /* Common */ = {
			isa = PBXGroup;
			children = (
				42D0865E26B6BA9B0059E1D8 /* Extensions */,
				4284AD6626AD6AC200B23383 /* Networking */,
				4265EB5F26B44CE100AAAC29 /* KeychainManager.swift */,
			);
			path = Common;
			sourceTree = "<group>";
		};
		42678E5D26B40CC200175E12 /* Cells */ = {
			isa = PBXGroup;
			children = (
				4247A38626AEF56600EBE04B /* TVShowTableViewCell.swift */,
			);
			path = Cells;
			sourceTree = "<group>";
		};
		42678E5E26B40CD600175E12 /* Models */ = {
			isa = PBXGroup;
			children = (
				42B5120326B17F25006A8642 /* RatingView.swift */,
				4284AD7126ADAC5B00B23383 /* Show.swift */,
			);
			path = Models;
			sourceTree = "<group>";
		};
		42678E5F26B40CFA00175E12 /* Models */ = {
			isa = PBXGroup;
			children = (
				422B69B826A9C4D50066AE4B /* User.swift */,
			);
			path = Models;
			sourceTree = "<group>";
		};
		42678E6026B40D1F00175E12 /* Models */ = {
			isa = PBXGroup;
			children = (
				42626D7E26B19AA6009ADDE1 /* Review.swift */,
			);
			path = Models;
			sourceTree = "<group>";
		};
		42678E6126B40D8500175E12 /* Application */ = {
			isa = PBXGroup;
			children = (
				42610F8A26975F450024A42A /* AppDelegate.swift */,
			);
			path = Application;
			sourceTree = "<group>";
		};
		42752BA926B2B5B200DB7B2E /* Cells */ = {
			isa = PBXGroup;
			children = (
				42B5120126B16F1F006A8642 /* ShowDetailsTableViewCell.swift */,
				42F4A14E26B1E51C00D160F4 /* ReviewTableViewCell.swift */,
			);
			path = Cells;
			sourceTree = "<group>";
		};
		4284AD6626AD6AC200B23383 /* Networking */ = {
			isa = PBXGroup;
			children = (
				42AFD5EC26B002D20023D09A /* Services */,
				42AFD5EB26B002BA0023D09A /* Routers */,
				42756DBC26AAE9BE00B08B03 /* Constants.swift */,
				4247A38026AEDBDC00EBE04B /* SessionManager.swift */,
			);
			path = Networking;
			sourceTree = "<group>";
		};
		4284AD6726AD6B1600B23383 /* Assets */ = {
			isa = PBXGroup;
			children = (
				42610F9826975F460024A42A /* Info.plist */,
				42610F9526975F460024A42A /* LaunchScreen.storyboard */,
				422CD817269C696200BB860C /* Assets.xcassets */,
			);
			path = Assets;
			sourceTree = "<group>";
		};
		4284AD6826AD6BAA00B23383 /* Modules */ = {
			isa = PBXGroup;
			children = (
				42094796269C4888004D0338 /* Login */,
				4209422326B14BB600E91B63 /* ShowDetails */,
				42EA68F026A988D800D6A159 /* Home */,
			);
			path = Modules;
			sourceTree = "<group>";
		};
		42AFD5EB26B002BA0023D09A /* Routers */ = {
			isa = PBXGroup;
			children = (
				42756DBA26AAE56600B08B03 /* UserRouter.swift */,
				4247A38426AEE6FD00EBE04B /* ShowRouter.swift */,
			);
			path = Routers;
			sourceTree = "<group>";
		};
		42AFD5EC26B002D20023D09A /* Services */ = {
			isa = PBXGroup;
			children = (
				42756DB826AAE23500B08B03 /* UserService.swift */,
				4247A38226AEE62F00EBE04B /* ShowService.swift */,
			);
			path = Services;
			sourceTree = "<group>";
		};
		42D0865E26B6BA9B0059E1D8 /* Extensions */ = {
			isa = PBXGroup;
			children = (
				42D0865F26B6BABE0059E1D8 /* UIViewController+Alert.swift */,
			);
			path = Extensions;
			sourceTree = "<group>";
		};
		42EA68F026A988D800D6A159 /* Home */ = {
			isa = PBXGroup;
			children = (
				42678E5E26B40CD600175E12 /* Models */,
				42678E5D26B40CC200175E12 /* Cells */,
				42EA68F126A9890F00D6A159 /* HomeViewController.swift */,
				42EA68F326A9893400D6A159 /* Home.storyboard */,
			);
			path = Home;
			sourceTree = "<group>";
		};
		66AA3FE369732C1A24246C9E /* Pods */ = {
			isa = PBXGroup;
			children = (
				6AC80C1302B7AA73FD79BDD6 /* Pods-TV Shows.debug.xcconfig */,
				5149C8418CDA68615EA1529D /* Pods-TV Shows.release.xcconfig */,
			);
			path = Pods;
			sourceTree = "<group>";
		};
		FCA590A6D7E78C2DC61A3C4C /* Frameworks */ = {
			isa = PBXGroup;
			children = (
				71B892B08D83706879453998 /* Pods_TV_Shows.framework */,
			);
			name = Frameworks;
			sourceTree = "<group>";
		};
/* End PBXGroup section */

/* Begin PBXNativeTarget section */
		42610F8626975F450024A42A /* TV Shows */ = {
			isa = PBXNativeTarget;
			buildConfigurationList = 42610F9B26975F460024A42A /* Build configuration list for PBXNativeTarget "TV Shows" */;
			buildPhases = (
				9ACBE9407F17279C3B8B023A /* [CP] Check Pods Manifest.lock */,
				42610F8326975F450024A42A /* Sources */,
				42610F8426975F450024A42A /* Frameworks */,
				42610F8526975F450024A42A /* Resources */,
				A1C56D38AA297A407044D700 /* [CP] Embed Pods Frameworks */,
			);
			buildRules = (
			);
			dependencies = (
			);
			name = "TV Shows";
			productName = "TV Shows";
			productReference = 42610F8726975F450024A42A /* TV Shows.app */;
			productType = "com.apple.product-type.application";
		};
/* End PBXNativeTarget section */

/* Begin PBXProject section */
		42610F7F26975F450024A42A /* Project object */ = {
			isa = PBXProject;
			attributes = {
				LastSwiftUpdateCheck = 1250;
				LastUpgradeCheck = 1250;
				TargetAttributes = {
					42610F8626975F450024A42A = {
						CreatedOnToolsVersion = 12.5.1;
					};
				};
			};
			buildConfigurationList = 42610F8226975F450024A42A /* Build configuration list for PBXProject "TV Shows" */;
			compatibilityVersion = "Xcode 9.3";
			developmentRegion = en;
			hasScannedForEncodings = 0;
			knownRegions = (
				en,
				Base,
			);
			mainGroup = 42610F7E26975F450024A42A;
			productRefGroup = 42610F8826975F450024A42A /* Products */;
			projectDirPath = "";
			projectRoot = "";
			targets = (
				42610F8626975F450024A42A /* TV Shows */,
			);
		};
/* End PBXProject section */

/* Begin PBXResourcesBuildPhase section */
		42610F8526975F450024A42A /* Resources */ = {
			isa = PBXResourcesBuildPhase;
			buildActionMask = 2147483647;
			files = (
				42610F9726975F460024A42A /* LaunchScreen.storyboard in Resources */,
				422CD818269C696200BB860C /* Assets.xcassets in Resources */,
				42094798269C48C1004D0338 /* Login.storyboard in Resources */,
				42EA68F426A9893400D6A159 /* Home.storyboard in Resources */,
			);
			runOnlyForDeploymentPostprocessing = 0;
		};
/* End PBXResourcesBuildPhase section */

/* Begin PBXShellScriptBuildPhase section */
		9ACBE9407F17279C3B8B023A /* [CP] Check Pods Manifest.lock */ = {
			isa = PBXShellScriptBuildPhase;
			buildActionMask = 2147483647;
			files = (
			);
			inputFileListPaths = (
			);
			inputPaths = (
				"${PODS_PODFILE_DIR_PATH}/Podfile.lock",
				"${PODS_ROOT}/Manifest.lock",
			);
			name = "[CP] Check Pods Manifest.lock";
			outputFileListPaths = (
			);
			outputPaths = (
				"$(DERIVED_FILE_DIR)/Pods-TV Shows-checkManifestLockResult.txt",
			);
			runOnlyForDeploymentPostprocessing = 0;
			shellPath = /bin/sh;
			shellScript = "diff \"${PODS_PODFILE_DIR_PATH}/Podfile.lock\" \"${PODS_ROOT}/Manifest.lock\" > /dev/null\nif [ $? != 0 ] ; then\n    # print error to STDERR\n    echo \"error: The sandbox is not in sync with the Podfile.lock. Run 'pod install' or update your CocoaPods installation.\" >&2\n    exit 1\nfi\n# This output is used by Xcode 'outputs' to avoid re-running this script phase.\necho \"SUCCESS\" > \"${SCRIPT_OUTPUT_FILE_0}\"\n";
			showEnvVarsInLog = 0;
		};
		A1C56D38AA297A407044D700 /* [CP] Embed Pods Frameworks */ = {
			isa = PBXShellScriptBuildPhase;
			buildActionMask = 2147483647;
			files = (
			);
			inputFileListPaths = (
				"${PODS_ROOT}/Target Support Files/Pods-TV Shows/Pods-TV Shows-frameworks-${CONFIGURATION}-input-files.xcfilelist",
			);
			name = "[CP] Embed Pods Frameworks";
			outputFileListPaths = (
				"${PODS_ROOT}/Target Support Files/Pods-TV Shows/Pods-TV Shows-frameworks-${CONFIGURATION}-output-files.xcfilelist",
			);
			runOnlyForDeploymentPostprocessing = 0;
			shellPath = /bin/sh;
			shellScript = "\"${PODS_ROOT}/Target Support Files/Pods-TV Shows/Pods-TV Shows-frameworks.sh\"\n";
			showEnvVarsInLog = 0;
		};
/* End PBXShellScriptBuildPhase section */

/* Begin PBXSourcesBuildPhase section */
		42610F8326975F450024A42A /* Sources */ = {
			isa = PBXSourcesBuildPhase;
			buildActionMask = 2147483647;
			files = (
				422B69B926A9C4D50066AE4B /* User.swift in Sources */,
				42756DBB26AAE56600B08B03 /* UserRouter.swift in Sources */,
				4247A38326AEE62F00EBE04B /* ShowService.swift in Sources */,
				42B5120426B17F25006A8642 /* RatingView.swift in Sources */,
				4265EB6026B44CE100AAAC29 /* KeychainManager.swift in Sources */,
				4209422226B1493200E91B63 /* ShowDetailsViewController.swift in Sources */,
				42D0866026B6BABE0059E1D8 /* UIViewController+Alert.swift in Sources */,
				4247A38526AEE6FD00EBE04B /* ShowRouter.swift in Sources */,
				4247A38126AEDBDC00EBE04B /* SessionManager.swift in Sources */,
				42756DB926AAE23500B08B03 /* UserService.swift in Sources */,
				42B5120226B16F1F006A8642 /* ShowDetailsTableViewCell.swift in Sources */,
				42626D7F26B19AA6009ADDE1 /* Review.swift in Sources */,
				42E9AD6E26B5A06A00BDB187 /* ProfileDetailsViewController.swift in Sources */,
				4209479A269C48E2004D0338 /* LoginViewController.swift in Sources */,
				42756DBD26AAE9BE00B08B03 /* Constants.swift in Sources */,
				42610F8B26975F450024A42A /* AppDelegate.swift in Sources */,
				42EA68F226A9890F00D6A159 /* HomeViewController.swift in Sources */,
				42EDA47326B1FD28009C92E4 /* WriteReviewViewController.swift in Sources */,
				42F4A14F26B1E51C00D160F4 /* ReviewTableViewCell.swift in Sources */,
				4247A38726AEF56600EBE04B /* TVShowTableViewCell.swift in Sources */,
				4284AD7226ADAC5B00B23383 /* Show.swift in Sources */,
			);
			runOnlyForDeploymentPostprocessing = 0;
		};
/* End PBXSourcesBuildPhase section */

/* Begin PBXVariantGroup section */
		42610F9526975F460024A42A /* LaunchScreen.storyboard */ = {
			isa = PBXVariantGroup;
			children = (
				42610F9626975F460024A42A /* Base */,
			);
			name = LaunchScreen.storyboard;
			sourceTree = "<group>";
		};
/* End PBXVariantGroup section */

/* Begin XCBuildConfiguration section */
		42610F9926975F460024A42A /* Debug */ = {
			isa = XCBuildConfiguration;
			buildSettings = {
				ALWAYS_SEARCH_USER_PATHS = NO;
				CLANG_ANALYZER_NONNULL = YES;
				CLANG_ANALYZER_NUMBER_OBJECT_CONVERSION = YES_AGGRESSIVE;
				CLANG_CXX_LANGUAGE_STANDARD = "gnu++14";
				CLANG_CXX_LIBRARY = "libc++";
				CLANG_ENABLE_MODULES = YES;
				CLANG_ENABLE_OBJC_ARC = YES;
				CLANG_ENABLE_OBJC_WEAK = YES;
				CLANG_WARN_BLOCK_CAPTURE_AUTORELEASING = YES;
				CLANG_WARN_BOOL_CONVERSION = YES;
				CLANG_WARN_COMMA = YES;
				CLANG_WARN_CONSTANT_CONVERSION = YES;
				CLANG_WARN_DEPRECATED_OBJC_IMPLEMENTATIONS = YES;
				CLANG_WARN_DIRECT_OBJC_ISA_USAGE = YES_ERROR;
				CLANG_WARN_DOCUMENTATION_COMMENTS = YES;
				CLANG_WARN_EMPTY_BODY = YES;
				CLANG_WARN_ENUM_CONVERSION = YES;
				CLANG_WARN_INFINITE_RECURSION = YES;
				CLANG_WARN_INT_CONVERSION = YES;
				CLANG_WARN_NON_LITERAL_NULL_CONVERSION = YES;
				CLANG_WARN_OBJC_IMPLICIT_RETAIN_SELF = YES;
				CLANG_WARN_OBJC_LITERAL_CONVERSION = YES;
				CLANG_WARN_OBJC_ROOT_CLASS = YES_ERROR;
				CLANG_WARN_QUOTED_INCLUDE_IN_FRAMEWORK_HEADER = YES;
				CLANG_WARN_RANGE_LOOP_ANALYSIS = YES;
				CLANG_WARN_STRICT_PROTOTYPES = YES;
				CLANG_WARN_SUSPICIOUS_MOVE = YES;
				CLANG_WARN_UNGUARDED_AVAILABILITY = YES_AGGRESSIVE;
				CLANG_WARN_UNREACHABLE_CODE = YES;
				CLANG_WARN__DUPLICATE_METHOD_MATCH = YES;
				COPY_PHASE_STRIP = NO;
				DEBUG_INFORMATION_FORMAT = dwarf;
				ENABLE_STRICT_OBJC_MSGSEND = YES;
				ENABLE_TESTABILITY = YES;
				GCC_C_LANGUAGE_STANDARD = gnu11;
				GCC_DYNAMIC_NO_PIC = NO;
				GCC_NO_COMMON_BLOCKS = YES;
				GCC_OPTIMIZATION_LEVEL = 0;
				GCC_PREPROCESSOR_DEFINITIONS = (
					"DEBUG=1",
					"$(inherited)",
				);
				GCC_WARN_64_TO_32_BIT_CONVERSION = YES;
				GCC_WARN_ABOUT_RETURN_TYPE = YES_ERROR;
				GCC_WARN_UNDECLARED_SELECTOR = YES;
				GCC_WARN_UNINITIALIZED_AUTOS = YES_AGGRESSIVE;
				GCC_WARN_UNUSED_FUNCTION = YES;
				GCC_WARN_UNUSED_VARIABLE = YES;
				IPHONEOS_DEPLOYMENT_TARGET = 12.1;
				MTL_ENABLE_DEBUG_INFO = INCLUDE_SOURCE;
				MTL_FAST_MATH = YES;
				ONLY_ACTIVE_ARCH = YES;
				SDKROOT = iphoneos;
				SWIFT_ACTIVE_COMPILATION_CONDITIONS = DEBUG;
				SWIFT_OPTIMIZATION_LEVEL = "-Onone";
			};
			name = Debug;
		};
		42610F9A26975F460024A42A /* Release */ = {
			isa = XCBuildConfiguration;
			buildSettings = {
				ALWAYS_SEARCH_USER_PATHS = NO;
				CLANG_ANALYZER_NONNULL = YES;
				CLANG_ANALYZER_NUMBER_OBJECT_CONVERSION = YES_AGGRESSIVE;
				CLANG_CXX_LANGUAGE_STANDARD = "gnu++14";
				CLANG_CXX_LIBRARY = "libc++";
				CLANG_ENABLE_MODULES = YES;
				CLANG_ENABLE_OBJC_ARC = YES;
				CLANG_ENABLE_OBJC_WEAK = YES;
				CLANG_WARN_BLOCK_CAPTURE_AUTORELEASING = YES;
				CLANG_WARN_BOOL_CONVERSION = YES;
				CLANG_WARN_COMMA = YES;
				CLANG_WARN_CONSTANT_CONVERSION = YES;
				CLANG_WARN_DEPRECATED_OBJC_IMPLEMENTATIONS = YES;
				CLANG_WARN_DIRECT_OBJC_ISA_USAGE = YES_ERROR;
				CLANG_WARN_DOCUMENTATION_COMMENTS = YES;
				CLANG_WARN_EMPTY_BODY = YES;
				CLANG_WARN_ENUM_CONVERSION = YES;
				CLANG_WARN_INFINITE_RECURSION = YES;
				CLANG_WARN_INT_CONVERSION = YES;
				CLANG_WARN_NON_LITERAL_NULL_CONVERSION = YES;
				CLANG_WARN_OBJC_IMPLICIT_RETAIN_SELF = YES;
				CLANG_WARN_OBJC_LITERAL_CONVERSION = YES;
				CLANG_WARN_OBJC_ROOT_CLASS = YES_ERROR;
				CLANG_WARN_QUOTED_INCLUDE_IN_FRAMEWORK_HEADER = YES;
				CLANG_WARN_RANGE_LOOP_ANALYSIS = YES;
				CLANG_WARN_STRICT_PROTOTYPES = YES;
				CLANG_WARN_SUSPICIOUS_MOVE = YES;
				CLANG_WARN_UNGUARDED_AVAILABILITY = YES_AGGRESSIVE;
				CLANG_WARN_UNREACHABLE_CODE = YES;
				CLANG_WARN__DUPLICATE_METHOD_MATCH = YES;
				COPY_PHASE_STRIP = NO;
				DEBUG_INFORMATION_FORMAT = "dwarf-with-dsym";
				ENABLE_NS_ASSERTIONS = NO;
				ENABLE_STRICT_OBJC_MSGSEND = YES;
				GCC_C_LANGUAGE_STANDARD = gnu11;
				GCC_NO_COMMON_BLOCKS = YES;
				GCC_WARN_64_TO_32_BIT_CONVERSION = YES;
				GCC_WARN_ABOUT_RETURN_TYPE = YES_ERROR;
				GCC_WARN_UNDECLARED_SELECTOR = YES;
				GCC_WARN_UNINITIALIZED_AUTOS = YES_AGGRESSIVE;
				GCC_WARN_UNUSED_FUNCTION = YES;
				GCC_WARN_UNUSED_VARIABLE = YES;
				IPHONEOS_DEPLOYMENT_TARGET = 12.1;
				MTL_ENABLE_DEBUG_INFO = NO;
				MTL_FAST_MATH = YES;
				SDKROOT = iphoneos;
				SWIFT_COMPILATION_MODE = wholemodule;
				SWIFT_OPTIMIZATION_LEVEL = "-O";
				VALIDATE_PRODUCT = YES;
			};
			name = Release;
		};
		42610F9C26975F460024A42A /* Debug */ = {
			isa = XCBuildConfiguration;
			baseConfigurationReference = 6AC80C1302B7AA73FD79BDD6 /* Pods-TV Shows.debug.xcconfig */;
			buildSettings = {
				ASSETCATALOG_COMPILER_APPICON_NAME = AppIcon;
				ASSETCATALOG_COMPILER_GLOBAL_ACCENT_COLOR_NAME = AccentColor;
				CODE_SIGN_STYLE = Automatic;
				INFOPLIST_FILE = "TV Shows/Assets/Info.plist";
				LD_RUNPATH_SEARCH_PATHS = (
					"$(inherited)",
					"@executable_path/Frameworks",
				);
				PRODUCT_BUNDLE_IDENTIFIER = "com.infinum.academy.antoniogriparic.TV-Shows";
				PRODUCT_NAME = "$(TARGET_NAME)";
				SWIFT_VERSION = 5.0;
				TARGETED_DEVICE_FAMILY = "1,2";
			};
			name = Debug;
		};
		42610F9D26975F460024A42A /* Release */ = {
			isa = XCBuildConfiguration;
			baseConfigurationReference = 5149C8418CDA68615EA1529D /* Pods-TV Shows.release.xcconfig */;
			buildSettings = {
				ASSETCATALOG_COMPILER_APPICON_NAME = AppIcon;
				ASSETCATALOG_COMPILER_GLOBAL_ACCENT_COLOR_NAME = AccentColor;
				CODE_SIGN_STYLE = Automatic;
				INFOPLIST_FILE = "TV Shows/Assets/Info.plist";
				LD_RUNPATH_SEARCH_PATHS = (
					"$(inherited)",
					"@executable_path/Frameworks",
				);
				PRODUCT_BUNDLE_IDENTIFIER = "com.infinum.academy.antoniogriparic.TV-Shows";
				PRODUCT_NAME = "$(TARGET_NAME)";
				SWIFT_VERSION = 5.0;
				TARGETED_DEVICE_FAMILY = "1,2";
			};
			name = Release;
		};
/* End XCBuildConfiguration section */

/* Begin XCConfigurationList section */
		42610F8226975F450024A42A /* Build configuration list for PBXProject "TV Shows" */ = {
			isa = XCConfigurationList;
			buildConfigurations = (
				42610F9926975F460024A42A /* Debug */,
				42610F9A26975F460024A42A /* Release */,
			);
			defaultConfigurationIsVisible = 0;
			defaultConfigurationName = Release;
		};
		42610F9B26975F460024A42A /* Build configuration list for PBXNativeTarget "TV Shows" */ = {
			isa = XCConfigurationList;
			buildConfigurations = (
				42610F9C26975F460024A42A /* Debug */,
				42610F9D26975F460024A42A /* Release */,
			);
			defaultConfigurationIsVisible = 0;
			defaultConfigurationName = Release;
		};
/* End XCConfigurationList section */
	};
	rootObject = 42610F7F26975F450024A42A /* Project object */;
}
